
Microsoft Visual Studio Solution File, Format Version 12.00
# Visual Studio Version 17
VisualStudioVersion = 17.5.002.0
MinimumVisualStudioVersion = 10.0.40219.1
Project("{9A19103F-16F7-4668-BE54-9A1E7A4F7556}") = "HboMax", "HboMax.csproj", "{595936F3-D5FB-4653-B7FA-3BB15FF50BDD}"
EndProject
Global
	GlobalSection(SolutionConfigurationPlatforms) = preSolution
		Debug|Any CPU = Debug|Any CPU
		Release|Any CPU = Release|Any CPU
	EndGlobalSection
	GlobalSection(ProjectConfigurationPlatforms) = postSolution
		{595936F3-D5FB-4653-B7FA-3BB15FF50BDD}.Debug|Any CPU.ActiveCfg = Debug|Any CPU
		{595936F3-D5FB-4653-B7FA-3BB15FF50BDD}.Debug|Any CPU.Build.0 = Debug|Any CPU
		{595936F3-D5FB-4653-B7FA-3BB15FF50BDD}.Release|Any CPU.ActiveCfg = Release|Any CPU
		{595936F3-D5FB-4653-B7FA-3BB15FF50BDD}.Release|Any CPU.Build.0 = Release|Any CPU
	EndGlobalSection
	GlobalSection(SolutionProperties) = preSolution
		HideSolutionNode = FALSE
	EndGlobalSection
	GlobalSection(ExtensibilityGlobals) = postSolution
		SolutionGuid = {C39B89AF-F8C0-4795-B06E-D8C6B0A3AB9F}
	EndGlobalSection
EndGlobal
